
Microsoft Visual Studio Solution File, Format Version 12.00
# Visual Studio Version 17
VisualStudioVersion = 17.7.34031.279
MinimumVisualStudioVersion = 10.0.40219.1
Project("{FAE04EC0-301F-11D3-BF4B-00C04F79EFBC}") = "WpfApp1", "WpfApp1\WpfApp1.csproj", "{BDC98E0E-9AE8-4095-B066-C1EF18C6C2CF}"
EndProject
Global
	GlobalSection(SolutionConfigurationPlatforms) = preSolution
		Debug|Any CPU = Debug|Any CPU
		Release|Any CPU = Release|Any CPU
	EndGlobalSection
	GlobalSection(ProjectConfigurationPlatforms) = postSolution
		{BDC98E0E-9AE8-4095-B066-C1EF18C6C2CF}.Debug|Any CPU.ActiveCfg = Debug|Any CPU
		{BDC98E0E-9AE8-4095-B066-C1EF18C6C2CF}.Debug|Any CPU.Build.0 = Debug|Any CPU
		{BDC98E0E-9AE8-4095-B066-C1EF18C6C2CF}.Release|Any CPU.ActiveCfg = Release|Any CPU
		{BDC98E0E-9AE8-4095-B066-C1EF18C6C2CF}.Release|Any CPU.Build.0 = Release|Any CPU
	EndGlobalSection
	GlobalSection(SolutionProperties) = preSolution
		HideSolutionNode = FALSE
	EndGlobalSection
	GlobalSection(ExtensibilityGlobals) = postSolution
		SolutionGuid = {0455B51F-2701-4B82-819E-86E6556DF82F}
	EndGlobalSection
EndGlobal
